
Microsoft Visual Studio Solution File, Format Version 12.00
# Visual Studio 15
VisualStudioVersion = 15.0.28307.902
MinimumVisualStudioVersion = 10.0.40219.1
Project("{FAE04EC0-301F-11D3-BF4B-00C04F79EFBC}") = "SmileCare", "SmileCare\SmileCare.csproj", "{39285E82-2095-472D-8570-3F4EA3C5A39F}"
EndProject
Global
	GlobalSection(SolutionConfigurationPlatforms) = preSolution
		Debug|Any CPU = Debug|Any CPU
		Release|Any CPU = Release|Any CPU
	EndGlobalSection
	GlobalSection(ProjectConfigurationPlatforms) = postSolution
		{39285E82-2095-472D-8570-3F4EA3C5A39F}.Debug|Any CPU.ActiveCfg = Debug|Any CPU
		{39285E82-2095-472D-8570-3F4EA3C5A39F}.Debug|Any CPU.Build.0 = Debug|Any CPU
		{39285E82-2095-472D-8570-3F4EA3C5A39F}.Release|Any CPU.ActiveCfg = Release|Any CPU
		{39285E82-2095-472D-8570-3F4EA3C5A39F}.Release|Any CPU.Build.0 = Release|Any CPU
	EndGlobalSection
	GlobalSection(SolutionProperties) = preSolution
		HideSolutionNode = FALSE
	EndGlobalSection
	GlobalSection(ExtensibilityGlobals) = postSolution
		SolutionGuid = {6D2BFAC3-BF29-4835-A952-DC37AA59F16F}
	EndGlobalSection
EndGlobal
